<?xml version="1.0" encoding="utf-8"?>
<Project ToolsVersion="4.0" xmlns="http://schemas.microsoft.com/developer/msbuild/2003">
  <ItemGroup>
    <ClInclude Include="..\..\xkill-source\xkill-renderer\D3DDebug.h" />
    <ClInclude Include="..\..\xkill-source\xkill-renderer\RenderingComponent.h" />
    <ClInclude Include="..\..\xkill-source\xkill-renderer\Shader.h">
      <Filter>FX\Shader</Filter>
    </ClInclude>
    <ClInclude Include="..\..\xkill-source\xkill-renderer\GBuffer.h">
      <Filter>GBuffer</Filter>
    </ClInclude>
    <ClInclude Include="..\..\xkill-source\xkill-renderer\GBufferID.h">
      <Filter>GBuffer</Filter>
    </ClInclude>
    <ClInclude Include="..\..\xkill-source\xkill-renderer\ShaderCS.h">
      <Filter>FX\Shader\ShaderCS</Filter>
    </ClInclude>
    <ClInclude Include="..\..\xkill-source\xkill-renderer\ShaderPS.h">
      <Filter>FX\Shader\ShaderPS</Filter>
    </ClInclude>
    <ClInclude Include="..\..\xkill-source\xkill-renderer\ShaderVS.h">
      <Filter>FX\Shader\ShaderVS</Filter>
    </ClInclude>
    <ClInclude Include="..\..\xkill-source\xkill-renderer\Vertices.h">
      <Filter>Utilities</Filter>
    </ClInclude>
    <ClInclude Include="..\..\xkill-source\xkill-renderer\MathBasic.h">
      <Filter>Utilities</Filter>
    </ClInclude>
    <ClInclude Include="..\..\xkill-source\xkill-renderer\DLLRenderer.h">
      <Filter>Utilities</Filter>
    </ClInclude>
    <ClInclude Include="..\..\xkill-source\xkill-renderer\D3DInterface.h">
      <Filter>Utilities</Filter>
    </ClInclude>
    <ClInclude Include="..\..\xkill-source\xkill-renderer\RenderingUtilities.h">
      <Filter>Utilities</Filter>
    </ClInclude>
    <ClInclude Include="..\..\xkill-source\xkill-renderer\FXManagement.h">
      <Filter>FX\FXManagement</Filter>
    </ClInclude>
    <ClInclude Include="..\..\xkill-source\xkill-renderer\IEDManagement.h">
      <Filter>FX\FXManagement\IEDManagement</Filter>
    </ClInclude>
    <ClInclude Include="..\..\xkill-source\xkill-renderer\CB.h">
      <Filter>ConstantBuffer</Filter>
    </ClInclude>
    <ClInclude Include="..\..\xkill-source\xkill-renderer\CBManagement.h">
      <Filter>ConstantBuffer</Filter>
    </ClInclude>
    <ClInclude Include="..\..\xkill-source\xkill-renderer\CBPerFrame.h">
      <Filter>ConstantBuffer</Filter>
    </ClInclude>
    <ClInclude Include="..\..\xkill-source\xkill-renderer\CBPerInstance.h">
      <Filter>ConstantBuffer</Filter>
    </ClInclude>
    <ClInclude Include="..\..\xkill-source\xkill-renderer\ConstantBufferDesc.h">
      <Filter>ConstantBuffer</Filter>
    </ClInclude>
    <ClInclude Include="..\..\xkill-source\xkill-renderer\SimpleStringSplitter.h">
      <Filter>Utilities</Filter>
    </ClInclude>
    <ClInclude Include="..\..\xkill-source\xkill-renderer\MeshGeometry.h">
      <Filter>Mesh</Filter>
    </ClInclude>
    <ClInclude Include="..\..\xkill-source\xkill-renderer\MeshMaterial.h">
      <Filter>Mesh</Filter>
    </ClInclude>
    <ClInclude Include="..\..\xkill-source\xkill-renderer\MeshModel.h">
      <Filter>Mesh</Filter>
    </ClInclude>
    <ClInclude Include="..\..\xkill-source\xkill-renderer\MeshSubset.h">
      <Filter>Mesh</Filter>
    </ClInclude>
    <ClInclude Include="..\..\xkill-source\xkill-renderer\MeshMakerObj.h">
      <Filter>Mesh\Management</Filter>
    </ClInclude>
    <ClInclude Include="..\..\xkill-source\xkill-renderer\MeshManagement.h">
      <Filter>Mesh\Management</Filter>
    </ClInclude>
    <ClInclude Include="..\..\xkill-source\xkill-renderer\LoaderObj.h">
      <Filter>Mesh\I/0\.obj</Filter>
    </ClInclude>
    <ClInclude Include="..\..\xkill-source\xkill-renderer\Obj.h">
      <Filter>Mesh\I/0\.obj</Filter>
    </ClInclude>
    <ClInclude Include="..\..\xkill-source\xkill-renderer\ObjFace.h">
      <Filter>Mesh\I/0\.obj</Filter>
    </ClInclude>
    <ClInclude Include="..\..\xkill-source\xkill-renderer\ObjDependencies.h">
      <Filter>Mesh\I/0\.obj</Filter>
    </ClInclude>
    <ClInclude Include="..\..\xkill-source\xkill-renderer\ObjGeometry.h">
      <Filter>Mesh\I/0\.obj</Filter>
    </ClInclude>
    <ClInclude Include="..\..\xkill-source\xkill-renderer\ObjGroup.h">
      <Filter>Mesh\I/0\.obj</Filter>
    </ClInclude>
    <ClInclude Include="..\..\xkill-source\xkill-renderer\LoaderMTL.h">
      <Filter>Mesh\I/0\.mtl</Filter>
    </ClInclude>
    <ClInclude Include="..\..\xkill-source\xkill-renderer\Loader.h">
      <Filter>Mesh\I/0</Filter>
    </ClInclude>
	<ClInclude Include="..\..\xkill-source\xkill-renderer\Writer.h">
      <Filter>Mesh\I/0</Filter>
    </ClInclude>
    <ClInclude Include="..\..\xkill-source\xkill-renderer\PGYFormat.h">
      <Filter>Mesh\I/0\.pgy</Filter>
    </ClInclude>
	<ClInclude Include="..\..\xkill-source\xkill-renderer\WriterPGY.h">
      <Filter>Mesh\I/0\.pgy</Filter>
    </ClInclude>
    <ClInclude Include="..\..\xkill-source\xkill-renderer\MTLMaterial.h">
      <Filter>Mesh\I/0\.mtl</Filter>
    </ClInclude>
    <ClInclude Include="..\..\xkill-source\xkill-renderer\MTL.h">
      <Filter>Mesh\I/0\.mtl</Filter>
    </ClInclude>
    <ClInclude Include="..\..\xkill-source\xkill-renderer\MTLIllum.h">
      <Filter>Mesh\I/0\.mtl</Filter>
    </ClInclude>
    <ClInclude Include="..\..\xkill-source\xkill-renderer\LoaderPGY.h">
      <Filter>Mesh\I/0\.pgy</Filter>
    </ClInclude>
  </ItemGroup>
  <ItemGroup>
    <ClCompile Include="..\..\xkill-source\xkill-renderer\D3DDebug.cpp" />
    <ClCompile Include="..\..\xkill-source\xkill-renderer\RenderingComponent.cpp" />
    <ClCompile Include="..\..\xkill-source\xkill-renderer\Shader.cpp">
      <Filter>FX\Shader</Filter>
    </ClCompile>
    <ClCompile Include="..\..\xkill-source\xkill-renderer\GBuffer.cpp">
      <Filter>GBuffer</Filter>
    </ClCompile>
    <ClCompile Include="..\..\xkill-source\xkill-renderer\ShaderCS.cpp">
      <Filter>FX\Shader\ShaderCS</Filter>
    </ClCompile>
    <ClCompile Include="..\..\xkill-source\xkill-renderer\ShaderPS.cpp">
      <Filter>FX\Shader\ShaderPS</Filter>
    </ClCompile>
    <ClCompile Include="..\..\xkill-source\xkill-renderer\ShaderVS.cpp">
      <Filter>FX\Shader\ShaderVS</Filter>
    </ClCompile>
    <ClCompile Include="..\..\xkill-source\xkill-renderer\MathBasic.cpp">
      <Filter>Utilities</Filter>
    </ClCompile>
    <ClCompile Include="..\..\xkill-source\xkill-renderer\FXManagement.cpp">
      <Filter>FX\FXManagement</Filter>
    </ClCompile>
    <ClCompile Include="..\..\xkill-source\xkill-renderer\IEDManagement.cpp">
      <Filter>FX\FXManagement\IEDManagement</Filter>
    </ClCompile>
    <ClCompile Include="..\..\xkill-source\xkill-renderer\CB.cpp">
      <Filter>ConstantBuffer</Filter>
    </ClCompile>
    <ClCompile Include="..\..\xkill-source\xkill-renderer\CBManagement.cpp">
      <Filter>ConstantBuffer</Filter>
    </ClCompile>
    <ClCompile Include="..\..\xkill-source\xkill-renderer\CBPerFrame.cpp">
      <Filter>ConstantBuffer</Filter>
    </ClCompile>
    <ClCompile Include="..\..\xkill-source\xkill-renderer\CBPerInstance.cpp">
      <Filter>ConstantBuffer</Filter>
    </ClCompile>
    <ClCompile Include="..\..\xkill-source\xkill-renderer\SimpleStringSplitter.cpp">
      <Filter>Utilities</Filter>
    </ClCompile>
    <ClCompile Include="..\..\xkill-source\xkill-renderer\MeshMaterial.cpp">
      <Filter>Mesh</Filter>
    </ClCompile>
    <ClCompile Include="..\..\xkill-source\xkill-renderer\MeshModel.cpp">
      <Filter>Mesh</Filter>
    </ClCompile>
    <ClCompile Include="..\..\xkill-source\xkill-renderer\MeshSubset.cpp">
      <Filter>Mesh</Filter>
    </ClCompile>
    <ClCompile Include="..\..\xkill-source\xkill-renderer\MeshMakerObj.cpp">
      <Filter>Mesh\Management</Filter>
    </ClCompile>
    <ClCompile Include="..\..\xkill-source\xkill-renderer\MeshManagement.cpp">
      <Filter>Mesh\Management</Filter>
    </ClCompile>
    <ClCompile Include="..\..\xkill-source\xkill-renderer\LoaderObj.cpp">
      <Filter>Mesh\I/0\.obj</Filter>
    </ClCompile>
    <ClCompile Include="..\..\xkill-source\xkill-renderer\Obj.cpp">
      <Filter>Mesh\I/0\.obj</Filter>
    </ClCompile>
    <ClCompile Include="..\..\xkill-source\xkill-renderer\ObjDependencies.cpp">
      <Filter>Mesh\I/0\.obj</Filter>
    </ClCompile>
    <ClCompile Include="..\..\xkill-source\xkill-renderer\ObjGroup.cpp">
      <Filter>Mesh\I/0\.obj</Filter>
    </ClCompile>
    <ClCompile Include="..\..\xkill-source\xkill-renderer\MTLMaterial.cpp">
      <Filter>Mesh\I/0\.mtl</Filter>
    </ClCompile>
    <ClCompile Include="..\..\xkill-source\xkill-renderer\LoaderMTL.cpp">
      <Filter>Mesh\I/0\.mtl</Filter>
    </ClCompile>
    <ClCompile Include="..\..\xkill-source\xkill-renderer\Loader.cpp">
      <Filter>Mesh\I/0</Filter>
    </ClCompile>
	<ClCompile Include="..\..\xkill-source\xkill-renderer\Writer.cpp">
      <Filter>Mesh\I/0</Filter>
    </ClCompile>
    <ClCompile Include="..\..\xkill-source\xkill-renderer\MTL.cpp">
      <Filter>Mesh\I/0\.mtl</Filter>
    </ClCompile>
    <ClCompile Include="..\..\xkill-source\xkill-renderer\LoaderPGY.cpp">
      <Filter>Mesh\I/0\.pgy</Filter>
    </ClCompile>
	<ClCompile Include="..\..\xkill-source\xkill-renderer\WriterPGY.cpp">
      <Filter>Mesh\I/0\.pgy</Filter>
    </ClCompile>
  </ItemGroup>
  <ItemGroup>
    <Filter Include="GBuffer">
      <UniqueIdentifier>{2fbfce18-7d1c-40b6-8061-4ae9d7f12647}</UniqueIdentifier>
    </Filter>
    <Filter Include="FX">
      <UniqueIdentifier>{1c71b07b-c451-413a-bed9-346615660f66}</UniqueIdentifier>
    </Filter>
    <Filter Include="FX\Shader">
      <UniqueIdentifier>{bb7d5c55-2991-4a22-b58a-8247ceb2dbf3}</UniqueIdentifier>
    </Filter>
    <Filter Include="FX\Shader\ShaderCS">
      <UniqueIdentifier>{06e3f302-5f1d-4a14-8c92-596dabdbfd33}</UniqueIdentifier>
    </Filter>
    <Filter Include="FX\Shader\ShaderPS">
      <UniqueIdentifier>{06c9c29e-3285-47ac-a2ee-df6438bc34d1}</UniqueIdentifier>
    </Filter>
    <Filter Include="FX\Shader\ShaderVS">
      <UniqueIdentifier>{7e4bb444-bef2-4152-85e7-c9d67c20571d}</UniqueIdentifier>
    </Filter>
    <Filter Include="Utilities">
      <UniqueIdentifier>{e7261483-c38c-4428-b1f0-ab8af322cc54}</UniqueIdentifier>
    </Filter>
    <Filter Include="Shaders">
      <UniqueIdentifier>{09139d65-982a-4622-b469-c745dc6f3043}</UniqueIdentifier>
    </Filter>
    <Filter Include="FX\FXManagement">
      <UniqueIdentifier>{d44a9808-0053-4a2b-b143-06aabe552ae7}</UniqueIdentifier>
    </Filter>
    <Filter Include="FX\FXManagement\IEDManagement">
      <UniqueIdentifier>{35dcaa34-18ec-41cf-9e2a-30337701ba36}</UniqueIdentifier>
    </Filter>
    <Filter Include="ConstantBuffer">
      <UniqueIdentifier>{2c84bf73-10e2-4e8f-92c7-623b95c48cbd}</UniqueIdentifier>
    </Filter>
    <Filter Include="Mesh">
      <UniqueIdentifier>{e6e239c6-e9c1-49a0-afa6-5ae78a5333a3}</UniqueIdentifier>
    </Filter>
    <Filter Include="Mesh\I/0">
      <UniqueIdentifier>{bdbea0a0-e205-437c-9d3b-da836d57339b}</UniqueIdentifier>
    </Filter>
    <Filter Include="Mesh\Management">
      <UniqueIdentifier>{71fb50ff-2f2e-41c8-b67d-41fb5996c23e}</UniqueIdentifier>
    </Filter>
    <Filter Include="Mesh\I/0\.pgy">
      <UniqueIdentifier>{ff228c10-6d50-4836-8751-bba1a313b79f}</UniqueIdentifier>
    </Filter>
    <Filter Include="Mesh\I/0\.mtl">
      <UniqueIdentifier>{9ea77fe0-1025-40f3-8b09-2cf8382b3f62}</UniqueIdentifier>
    </Filter>
    <Filter Include="Mesh\I/0\.obj">
      <UniqueIdentifier>{d0aae5c2-3972-43d0-9bd2-426c30b75a6a}</UniqueIdentifier>
    </Filter>
  </ItemGroup>
  <ItemGroup>
    <FxCompile Include="..\..\xkill-source\xkill-shaders\defaultCS.hlsl">
      <Filter>Shaders</Filter>
    </FxCompile>
    <FxCompile Include="..\..\xkill-source\xkill-shaders\defaultDeferredPS.hlsl">
      <Filter>Shaders</Filter>
    </FxCompile>
    <FxCompile Include="..\..\xkill-source\xkill-shaders\defaultDeferredVS.hlsl">
      <Filter>Shaders</Filter>
    </FxCompile>
    <FxCompile Include="..\..\xkill-source\xkill-shaders\defaultPS.hlsl">
      <Filter>Shaders</Filter>
    </FxCompile>
    <FxCompile Include="..\..\xkill-source\xkill-shaders\defaultVS.hlsl">
      <Filter>Shaders</Filter>
    </FxCompile>
    <FxCompile Include="..\..\xkill-source\xkill-shaders\structs.hlsl">
      <Filter>Shaders</Filter>
    </FxCompile>
  </ItemGroup>
</Project>