<?xml version="1.0" encoding="utf-8"?>
<Project ToolsVersion="4.0" xmlns="http://schemas.microsoft.com/developer/msbuild/2003">
  <ItemGroup>
    <ClCompile Include="..\..\xkill-source\xkill-renderer\CB.cpp" />
    <ClCompile Include="..\..\xkill-source\xkill-renderer\CBManagement.cpp" />
    <ClCompile Include="..\..\xkill-source\xkill-renderer\CBPerFrame.cpp" />
    <ClCompile Include="..\..\xkill-source\xkill-renderer\CBPerInstance.cpp" />
    <ClCompile Include="..\..\xkill-source\xkill-renderer\d3dDebug.cpp" />
    <ClCompile Include="..\..\xkill-source\xkill-renderer\fxManagement.cpp" />
    <ClCompile Include="..\..\xkill-source\xkill-renderer\gBuffer.cpp" />
    <ClCompile Include="..\..\xkill-source\xkill-renderer\IEDManagement.cpp" />
    <ClCompile Include="..\..\xkill-source\xkill-renderer\mathBasic.cpp" />
    <ClCompile Include="..\..\xkill-source\xkill-renderer\objLoaderBasic.cpp" />
    <ClCompile Include="..\..\xkill-source\xkill-renderer\renderingComponent.cpp" />
    <ClCompile Include="..\..\xkill-source\xkill-renderer\shader.cpp" />
    <ClCompile Include="..\..\xkill-source\xkill-renderer\shaderCS.cpp" />
    <ClCompile Include="..\..\xkill-source\xkill-renderer\shaderPS.cpp" />
    <ClCompile Include="..\..\xkill-source\xkill-renderer\shaderVS.cpp" />
  </ItemGroup>
  <ItemGroup>
    <ClInclude Include="..\..\xkill-source\xkill-renderer\CB.h" />
    <ClInclude Include="..\..\xkill-source\xkill-renderer\CBManagement.h" />
    <ClInclude Include="..\..\xkill-source\xkill-renderer\CBPerFrame.h" />
    <ClInclude Include="..\..\xkill-source\xkill-renderer\CBPerInstance.h" />
    <ClInclude Include="..\..\xkill-source\xkill-renderer\ConstantBufferDesc.h" />
    <ClInclude Include="..\..\xkill-source\xkill-renderer\d3dDebug.h" />
    <ClInclude Include="..\..\xkill-source\xkill-renderer\d3dInterface.h" />
    <ClInclude Include="..\..\xkill-source\xkill-renderer\dllRenderer.h" />
    <ClInclude Include="..\..\xkill-source\xkill-renderer\fxManagement.h" />
    <ClInclude Include="..\..\xkill-source\xkill-renderer\gBuffer.h" />
    <ClInclude Include="..\..\xkill-source\xkill-renderer\gBufferID.h" />
    <ClInclude Include="..\..\xkill-source\xkill-renderer\IEDManagement.h" />
    <ClInclude Include="..\..\xkill-source\xkill-renderer\mathBasic.h" />
    <ClInclude Include="..\..\xkill-source\xkill-renderer\objLoaderBasic.h" />
    <ClInclude Include="..\..\xkill-source\xkill-renderer\renderingComponent.h" />
    <ClInclude Include="..\..\xkill-source\xkill-renderer\renderingUtilities.h" />
    <ClInclude Include="..\..\xkill-source\xkill-renderer\shader.h" />
    <ClInclude Include="..\..\xkill-source\xkill-renderer\shaderCS.h" />
    <ClInclude Include="..\..\xkill-source\xkill-renderer\shaderPS.h" />
    <ClInclude Include="..\..\xkill-source\xkill-renderer\shaderVS.h" />
    <ClInclude Include="..\..\xkill-source\xkill-renderer\vertices.h" />
  </ItemGroup>
  <ItemGroup>
    <FxCompile Include="..\..\xkill-source\xkill-shaders\defaultPS.hlsl" />
    <FxCompile Include="..\..\xkill-source\xkill-shaders\defaultVS.hlsl" />
    <FxCompile Include="..\..\xkill-source\xkill-shaders\structs.hlsl" />
    <FxCompile Include="..\..\xkill-source\xkill-shaders\constantBuffers.hlsl" />
    <FxCompile Include="..\..\xkill-source\xkill-shaders\defaultCS.hlsl" />
    <FxCompile Include="..\..\xkill-source\xkill-shaders\defaultDeferredPS.hlsl" />
    <FxCompile Include="..\..\xkill-source\xkill-shaders\defaultDeferredVS.hlsl" />
  </ItemGroup>
</Project>