<?xml version="1.0" encoding="utf-8"?>
<Project ToolsVersion="4.0" xmlns="http://schemas.microsoft.com/developer/msbuild/2003">
  <ItemGroup>
    <ClCompile Include="..\..\xkill-source\xkill-io\Loader.cpp" />
    <ClCompile Include="..\..\xkill-source\xkill-io\Writer.cpp" />
    <ClCompile Include="..\..\xkill-source\xkill-io\LoaderMTL.cpp">
      <Filter>.mtl</Filter>
    </ClCompile>
    <ClCompile Include="..\..\xkill-source\xkill-io\LoaderObj.cpp">
      <Filter>.obj</Filter>
    </ClCompile>
    <ClCompile Include="..\..\xkill-source\xkill-io\LoaderPGY.cpp">
      <Filter>.pgy</Filter>
    </ClCompile>
    <ClCompile Include="..\..\xkill-source\xkill-io\MTL.cpp">
      <Filter>.mtl</Filter>
    </ClCompile>
    <ClCompile Include="..\..\xkill-source\xkill-io\MTLMaterial.cpp">
      <Filter>.mtl</Filter>
    </ClCompile>
    <ClCompile Include="..\..\xkill-source\xkill-io\Obj.cpp">
      <Filter>.obj\desc</Filter>
    </ClCompile>
    <ClCompile Include="..\..\xkill-source\xkill-io\ObjDependencies.cpp">
      <Filter>.obj\desc</Filter>
    </ClCompile>
    <ClCompile Include="..\..\xkill-source\xkill-io\ObjFace.cpp">
      <Filter>.obj\desc</Filter>
    </ClCompile>
    <ClCompile Include="..\..\xkill-source\xkill-io\ObjGeometry.cpp">
      <Filter>.obj\desc</Filter>
    </ClCompile>
    <ClCompile Include="..\..\xkill-source\xkill-io\ObjGroup.cpp">
      <Filter>.obj\desc</Filter>
    </ClCompile>
    <ClCompile Include="..\..\xkill-source\xkill-io\SimpleStringSplitter.cpp">
      <Filter>util</Filter>
    </ClCompile>
    <ClCompile Include="..\..\xkill-source\xkill-io\WriterPGY.cpp">
      <Filter>.pgy</Filter>
    </ClCompile>
    <ClCompile Include="..\..\xkill-source\xkill-io\IOComponent.cpp" />
    <ClCompile Include="..\..\xkill-source\xkill-io\LoaderTexDesc.cpp">
      <Filter>.texdesc</Filter>
    </ClCompile>
    <ClCompile Include="..\..\xkill-source\xkill-io\LoaderMdlDesc.cpp">
      <Filter>.mdldesc</Filter>
    </ClCompile>
    <ClCompile Include="..\..\xkill-source\xkill-io\MdlDesc.cpp">
      <Filter>.mdldesc</Filter>
    </ClCompile>
    <ClCompile Include="..\..\xkill-source\xkill-io\MeshMakerObj.cpp" />
    <ClCompile Include="..\..\xkill-source\xkill-io\WriteTime.cpp">
      <Filter>util</Filter>
    </ClCompile>
    <ClCompile Include="..\..\xkill-source\xkill-io\LoaderFbx.cpp">
      <Filter>.fbx</Filter>
    </ClCompile>
    <ClCompile Include="..\..\xkill-source\xkill-io\LoaderFbxAnimation.cpp">
      <Filter>.fbx</Filter>
    </ClCompile>
    <ClCompile Include="..\..\xkill-source\xkill-io\LoaderFbxMaterial.cpp">
      <Filter>.fbx</Filter>
    </ClCompile>
    <ClCompile Include="..\..\xkill-source\xkill-io\LoaderFbxMaterialDesc.cpp">
      <Filter>.fbx</Filter>
    </ClCompile>
    <ClCompile Include="..\..\xkill-source\xkill-io\LoaderFbxMesh.cpp">
      <Filter>.fbx</Filter>
    </ClCompile>
    <ClCompile Include="..\..\xkill-source\xkill-io\LoaderFbxMeshDesc.cpp">
      <Filter>.fbx</Filter>
    </ClCompile>
    <ClCompile Include="..\..\xkill-source\xkill-io\LoaderFbxTexture.cpp">
      <Filter>.fbx</Filter>
    </ClCompile>
    <ClCompile Include="..\..\xkill-source\xkill-io\LoaderFbxTextureDesc.cpp">
      <Filter>.fbx</Filter>
    </ClCompile>
    <ClCompile Include="..\..\xkill-source\xkill-io\LoaderFbxAnimationDesc.cpp">
      <Filter>.fbx</Filter>
    </ClCompile>
    <ClCompile Include="..\..\xkill-source\xkill-io\LoaderFbxAnimationBone.cpp">
      <Filter>.fbx</Filter>
    </ClCompile>
    <ClCompile Include="..\..\xkill-source\xkill-io\LoaderFbxAnimationKeyFrame.cpp">
      <Filter>.fbx</Filter>
    </ClCompile>
    <ClCompile Include="..\..\xkill-source\xkill-io\LoaderFbxModelDesc.cpp">
      <Filter>.fbx</Filter>
    </ClCompile>
    <ClCompile Include="..\..\xkill-source\xkill-io\MeshDesc.cpp">
      <Filter>MeshDesc</Filter>
    </ClCompile>
    <ClCompile Include="..\..\xkill-source\xkill-io\VertexDesc.cpp">
      <Filter>MeshDesc</Filter>
    </ClCompile>
    <ClCompile Include="..\..\xkill-source\xkill-io\SubsetDesc.cpp">
      <Filter>MeshDesc</Filter>
    </ClCompile>
    <ClCompile Include="..\..\xkill-source\xkill-io\MaterialDesc.cpp">
      <Filter>MeshDesc</Filter>
    </ClCompile>
  </ItemGroup>
  <ItemGroup>
    <ClInclude Include="..\..\xkill-source\xkill-io\Loader.h" />
    <ClInclude Include="..\..\xkill-source\xkill-io\Writer.h" />
    <ClInclude Include="..\..\xkill-source\xkill-io\LoaderMTL.h">
      <Filter>.mtl</Filter>
    </ClInclude>
    <ClInclude Include="..\..\xkill-source\xkill-io\LoaderObj.h">
      <Filter>.obj</Filter>
    </ClInclude>
    <ClInclude Include="..\..\xkill-source\xkill-io\LoaderPGY.h">
      <Filter>.pgy</Filter>
    </ClInclude>
    <ClInclude Include="..\..\xkill-source\xkill-io\MTL.h">
      <Filter>.mtl</Filter>
    </ClInclude>
    <ClInclude Include="..\..\xkill-source\xkill-io\MTLIllum.h">
      <Filter>.mtl</Filter>
    </ClInclude>
    <ClInclude Include="..\..\xkill-source\xkill-io\MTLMaterial.h">
      <Filter>.mtl</Filter>
    </ClInclude>
    <ClInclude Include="..\..\xkill-source\xkill-io\ObjGroup.h">
      <Filter>.obj\desc</Filter>
    </ClInclude>
    <ClInclude Include="..\..\xkill-source\xkill-io\Obj.h">
      <Filter>.obj\desc</Filter>
    </ClInclude>
    <ClInclude Include="..\..\xkill-source\xkill-io\ObjDependencies.h">
      <Filter>.obj\desc</Filter>
    </ClInclude>
    <ClInclude Include="..\..\xkill-source\xkill-io\ObjFace.h">
      <Filter>.obj\desc</Filter>
    </ClInclude>
    <ClInclude Include="..\..\xkill-source\xkill-io\ObjGeometry.h">
      <Filter>.obj\desc</Filter>
    </ClInclude>
    <ClInclude Include="..\..\xkill-source\xkill-io\SimpleStringSplitter.h">
      <Filter>util</Filter>
    </ClInclude>
    <ClInclude Include="..\..\xkill-source\xkill-io\WriterPGY.h">
      <Filter>.pgy</Filter>
    </ClInclude>
    <ClInclude Include="..\..\xkill-source\xkill-io\SpecsPGY.h">
      <Filter>.pgy</Filter>
    </ClInclude>
    <ClInclude Include="..\..\xkill-source\xkill-io\dllIO.h">
      <Filter>util</Filter>
    </ClInclude>
    <ClInclude Include="..\..\xkill-source\xkill-io\IOComponent.h" />
    <ClInclude Include="..\..\xkill-source\xkill-io\LoaderTexDesc.h">
      <Filter>.texdesc</Filter>
    </ClInclude>
    <ClInclude Include="..\..\xkill-source\xkill-io\VarStatus.h">
      <Filter>util</Filter>
    </ClInclude>
    <ClInclude Include="..\..\xkill-source\xkill-io\LoaderMdlDesc.h">
      <Filter>.mdldesc</Filter>
    </ClInclude>
    <ClInclude Include="..\..\xkill-source\xkill-io\MdlDesc.h">
      <Filter>.mdldesc</Filter>
    </ClInclude>
    <ClInclude Include="..\..\xkill-source\xkill-io\MdlDescHeader.h">
      <Filter>.mdldesc</Filter>
    </ClInclude>
    <ClInclude Include="..\..\xkill-source\xkill-io\MdlDescModel.h">
      <Filter>.mdldesc</Filter>
    </ClInclude>
    <ClInclude Include="..\..\xkill-source\xkill-io\MeshMakerObj.h" />
    <ClInclude Include="..\..\xkill-source\xkill-io\WriteTime.h">
      <Filter>util</Filter>
    </ClInclude>
    <ClInclude Include="..\..\xkill-source\xkill-io\LoaderFbx.h">
      <Filter>.fbx</Filter>
    </ClInclude>
    <ClInclude Include="..\..\xkill-source\xkill-io\LoaderFbxAnimation.h">
      <Filter>.fbx</Filter>
    </ClInclude>
    <ClInclude Include="..\..\xkill-source\xkill-io\LoaderFbxMaterial.h">
      <Filter>.fbx</Filter>
    </ClInclude>
    <ClInclude Include="..\..\xkill-source\xkill-io\LoaderFbxMaterialDesc.h">
      <Filter>.fbx</Filter>
    </ClInclude>
    <ClInclude Include="..\..\xkill-source\xkill-io\LoaderFbxMesh.h">
      <Filter>.fbx</Filter>
    </ClInclude>
    <ClInclude Include="..\..\xkill-source\xkill-io\LoaderFbxMeshDesc.h">
      <Filter>.fbx</Filter>
    </ClInclude>
    <ClInclude Include="..\..\xkill-source\xkill-io\LoaderFbxTexture.h">
      <Filter>.fbx</Filter>
    </ClInclude>
    <ClInclude Include="..\..\xkill-source\xkill-io\LoaderFbxTextureDesc.h">
      <Filter>.fbx</Filter>
    </ClInclude>
    <ClInclude Include="..\..\xkill-source\xkill-io\LoaderFbxAnimationDesc.h">
      <Filter>.fbx</Filter>
    </ClInclude>
    <ClInclude Include="..\..\xkill-source\xkill-io\LoaderFbxAnimationBone.h">
      <Filter>.fbx</Filter>
    </ClInclude>
    <ClInclude Include="..\..\xkill-source\xkill-io\LoaderFbxAnimationKeyFrame.h">
      <Filter>.fbx</Filter>
    </ClInclude>
    <ClInclude Include="..\..\xkill-source\xkill-io\LoaderFbxModelDesc.h">
      <Filter>.fbx</Filter>
    </ClInclude>
    <ClInclude Include="..\..\xkill-source\xkill-io\MeshDesc.h">
      <Filter>MeshDesc</Filter>
    </ClInclude>
    <ClInclude Include="..\..\xkill-source\xkill-io\VertexDesc.h">
      <Filter>MeshDesc</Filter>
    </ClInclude>
    <ClInclude Include="..\..\xkill-source\xkill-io\SubsetDesc.h">
      <Filter>MeshDesc</Filter>
    </ClInclude>
    <ClInclude Include="..\..\xkill-source\xkill-io\MaterialDesc.h">
      <Filter>MeshDesc</Filter>
    </ClInclude>
  </ItemGroup>
  <ItemGroup>
    <Filter Include=".mtl">
      <UniqueIdentifier>{aed59c38-78d6-45c4-801d-95a9fe9b5ba0}</UniqueIdentifier>
    </Filter>
    <Filter Include=".pgy">
      <UniqueIdentifier>{905b5636-beec-4977-9471-8518e4809efa}</UniqueIdentifier>
    </Filter>
    <Filter Include=".obj">
      <UniqueIdentifier>{e22bbae0-c1fe-4004-8019-c3cdcd682917}</UniqueIdentifier>
    </Filter>
    <Filter Include=".obj\desc">
      <UniqueIdentifier>{a4db3e73-2fbd-489c-b5ce-d76a44c9846d}</UniqueIdentifier>
    </Filter>
    <Filter Include="util">
      <UniqueIdentifier>{1cb25506-5ae2-4d44-8c9f-bc8230e6b4ea}</UniqueIdentifier>
    </Filter>
    <Filter Include=".texdesc">
      <UniqueIdentifier>{eefb329f-7d5b-4bc3-a2b0-0994b09f4881}</UniqueIdentifier>
    </Filter>
    <Filter Include=".mdldesc">
      <UniqueIdentifier>{3c5087b0-ef09-414b-a598-dc2242baeee3}</UniqueIdentifier>
    </Filter>
    <Filter Include=".fbx">
      <UniqueIdentifier>{064285af-4c79-42cd-bb2f-7b53f7a789f7}</UniqueIdentifier>
    </Filter>
    <Filter Include="MeshDesc">
      <UniqueIdentifier>{9353ff62-563d-4e7c-8781-ee460d6d7007}</UniqueIdentifier>
    </Filter>
  </ItemGroup>
</Project>