<?xml version="1.0" encoding="utf-8"?>
<Project ToolsVersion="4.0" xmlns="http://schemas.microsoft.com/developer/msbuild/2003">
  <ItemGroup>
    <ClCompile Include="..\..\xkill-source\xkill\CameraBasic.cpp" />
    <ClCompile Include="..\..\xkill-source\xkill\Main.cpp" />
    <ClCompile Include="..\..\xkill-source\xkill\Window.cpp" />
  </ItemGroup>
  <ItemGroup>
    <ClInclude Include="..\..\xkill-source\xkill\CameraBasic.h" />
    <ClInclude Include="..\..\xkill-source\xkill\Window.h" />
  </ItemGroup>
</Project>