
Microsoft Visual Studio Solution File, Format Version 12.00
# Visual Studio 2012
Project("{8BC9CEB8-8B4A-11D0-8D11-00A0C91BC942}") = "xkill", "xkill.vcxproj", "{7C4E4A70-912B-4AC0-A004-DA6877F3ABC9}"
EndProject
Project("{8BC9CEB8-8B4A-11D0-8D11-00A0C91BC942}") = "xkill-renderer", "..\xkill-renderer\xkill-renderer.vcxproj", "{3C3210C6-6C18-46E3-A23E-9D59AD6090E3}"
EndProject
Global
	GlobalSection(SolutionConfigurationPlatforms) = preSolution
		Debug|Win32 = Debug|Win32
		Release|Win32 = Release|Win32
	EndGlobalSection
	GlobalSection(ProjectConfigurationPlatforms) = postSolution
		{7C4E4A70-912B-4AC0-A004-DA6877F3ABC9}.Debug|Win32.ActiveCfg = Debug|Win32
		{7C4E4A70-912B-4AC0-A004-DA6877F3ABC9}.Debug|Win32.Build.0 = Debug|Win32
		{7C4E4A70-912B-4AC0-A004-DA6877F3ABC9}.Release|Win32.ActiveCfg = Release|Win32
		{7C4E4A70-912B-4AC0-A004-DA6877F3ABC9}.Release|Win32.Build.0 = Release|Win32
		{3C3210C6-6C18-46E3-A23E-9D59AD6090E3}.Debug|Win32.ActiveCfg = Debug|Win32
		{3C3210C6-6C18-46E3-A23E-9D59AD6090E3}.Debug|Win32.Build.0 = Debug|Win32
		{3C3210C6-6C18-46E3-A23E-9D59AD6090E3}.Release|Win32.ActiveCfg = Release|Win32
		{3C3210C6-6C18-46E3-A23E-9D59AD6090E3}.Release|Win32.Build.0 = Release|Win32
	EndGlobalSection
	GlobalSection(SolutionProperties) = preSolution
		HideSolutionNode = FALSE
	EndGlobalSection
EndGlobal
