
Microsoft Visual Studio Solution File, Format Version 12.00
# Visual Studio 2012
Project("{8BC9CEB8-8B4A-11D0-8D11-00A0C91BC942}") = "xkill", "xkill.vcxproj", "{7C4E4A70-912B-4AC0-A004-DA6877F3ABC9}"
	ProjectSection(ProjectDependencies) = postProject
		{72FCF81B-3AD8-4EE9-93D7-BD6993A50E58} = {72FCF81B-3AD8-4EE9-93D7-BD6993A50E58}
	EndProjectSection
EndProject
Project("{8BC9CEB8-8B4A-11D0-8D11-00A0C91BC942}") = "xkill-renderer", "..\xkill-renderer\xkill-renderer.vcxproj", "{3C3210C6-6C18-46E3-A23E-9D59AD6090E3}"
	ProjectSection(ProjectDependencies) = postProject
		{179430F3-FCF7-4C1B-A52C-5A6A3EB71CAB} = {179430F3-FCF7-4C1B-A52C-5A6A3EB71CAB}
	EndProjectSection
EndProject
Project("{8BC9CEB8-8B4A-11D0-8D11-00A0C91BC942}") = "xkill-physics", "..\xkill-physics\xkill-physics.vcxproj", "{64C38E56-52DE-4A78-B32E-C2FE02506CF5}"
	ProjectSection(ProjectDependencies) = postProject
		{179430F3-FCF7-4C1B-A52C-5A6A3EB71CAB} = {179430F3-FCF7-4C1B-A52C-5A6A3EB71CAB}
	EndProjectSection
EndProject
Project("{8BC9CEB8-8B4A-11D0-8D11-00A0C91BC942}") = "xkill-sound", "..\xkill-sound\xkill-sound.vcxproj", "{EF5DDE18-3DE8-4E0E-98F6-865A14B732B8}"
	ProjectSection(ProjectDependencies) = postProject
		{179430F3-FCF7-4C1B-A52C-5A6A3EB71CAB} = {179430F3-FCF7-4C1B-A52C-5A6A3EB71CAB}
	EndProjectSection
EndProject
Project("{8BC9CEB8-8B4A-11D0-8D11-00A0C91BC942}") = "xkill-architecture", "..\xkill-architecture\xkill-architecture.vcxproj", "{72FCF81B-3AD8-4EE9-93D7-BD6993A50E58}"
	ProjectSection(ProjectDependencies) = postProject
		{EF5DDE18-3DE8-4E0E-98F6-865A14B732B8} = {EF5DDE18-3DE8-4E0E-98F6-865A14B732B8}
		{64C38E56-52DE-4A78-B32E-C2FE02506CF5} = {64C38E56-52DE-4A78-B32E-C2FE02506CF5}
		{3C3210C6-6C18-46E3-A23E-9D59AD6090E3} = {3C3210C6-6C18-46E3-A23E-9D59AD6090E3}
		{F0D3D9DE-7681-4C3E-A0CD-A851B2C1FA19} = {F0D3D9DE-7681-4C3E-A0CD-A851B2C1FA19}
		{179430F3-FCF7-4C1B-A52C-5A6A3EB71CAB} = {179430F3-FCF7-4C1B-A52C-5A6A3EB71CAB}
	EndProjectSection
EndProject
Project("{8BC9CEB8-8B4A-11D0-8D11-00A0C91BC942}") = "xkill-utilities", "..\xkill-utilities\xkill-utilities.vcxproj", "{179430F3-FCF7-4C1B-A52C-5A6A3EB71CAB}"
EndProject
Project("{8BC9CEB8-8B4A-11D0-8D11-00A0C91BC942}") = "xkill-input", "..\xkill-input\xkill-input.vcxproj", "{F0D3D9DE-7681-4C3E-A0CD-A851B2C1FA19}"
	ProjectSection(ProjectDependencies) = postProject
		{179430F3-FCF7-4C1B-A52C-5A6A3EB71CAB} = {179430F3-FCF7-4C1B-A52C-5A6A3EB71CAB}
	EndProjectSection
EndProject
Project("{8BC9CEB8-8B4A-11D0-8D11-00A0C91BC942}") = "xkill-gui", "..\xkill-gui\xkill-gui.vcxproj", "{040EE364-0E4F-4285-B4C9-78E42CC09583}"
	ProjectSection(ProjectDependencies) = postProject
		{72FCF81B-3AD8-4EE9-93D7-BD6993A50E58} = {72FCF81B-3AD8-4EE9-93D7-BD6993A50E58}
	EndProjectSection
EndProject
Project("{8BC9CEB8-8B4A-11D0-8D11-00A0C91BC942}") = "xkill-io", "..\xkill-io\xkill-io.vcxproj", "{90632FA5-BF8B-4798-96B4-DA358FE33D8F}"
EndProject
Global
	GlobalSection(SolutionConfigurationPlatforms) = preSolution
		Debug|ARM = Debug|ARM
		Debug|Win32 = Debug|Win32
		Debug|x64 = Debug|x64
		DebugRelease|ARM = DebugRelease|ARM
		DebugRelease|Win32 = DebugRelease|Win32
		DebugRelease|x64 = DebugRelease|x64
		Release|ARM = Release|ARM
		Release|Win32 = Release|Win32
		Release|x64 = Release|x64
	EndGlobalSection
	GlobalSection(ProjectConfigurationPlatforms) = postSolution
		{7C4E4A70-912B-4AC0-A004-DA6877F3ABC9}.Debug|ARM.ActiveCfg = Debug|Win32
		{7C4E4A70-912B-4AC0-A004-DA6877F3ABC9}.Debug|Win32.ActiveCfg = Debug|Win32
		{7C4E4A70-912B-4AC0-A004-DA6877F3ABC9}.Debug|Win32.Build.0 = Debug|Win32
		{7C4E4A70-912B-4AC0-A004-DA6877F3ABC9}.Debug|x64.ActiveCfg = Debug|Win32
		{7C4E4A70-912B-4AC0-A004-DA6877F3ABC9}.DebugRelease|ARM.ActiveCfg = DebugRelease|Win32
		{7C4E4A70-912B-4AC0-A004-DA6877F3ABC9}.DebugRelease|Win32.ActiveCfg = DebugRelease|Win32
		{7C4E4A70-912B-4AC0-A004-DA6877F3ABC9}.DebugRelease|Win32.Build.0 = DebugRelease|Win32
		{7C4E4A70-912B-4AC0-A004-DA6877F3ABC9}.DebugRelease|x64.ActiveCfg = DebugRelease|Win32
		{7C4E4A70-912B-4AC0-A004-DA6877F3ABC9}.Release|ARM.ActiveCfg = Release|Win32
		{7C4E4A70-912B-4AC0-A004-DA6877F3ABC9}.Release|Win32.ActiveCfg = Release|Win32
		{7C4E4A70-912B-4AC0-A004-DA6877F3ABC9}.Release|Win32.Build.0 = Release|Win32
		{7C4E4A70-912B-4AC0-A004-DA6877F3ABC9}.Release|x64.ActiveCfg = Release|Win32
		{3C3210C6-6C18-46E3-A23E-9D59AD6090E3}.Debug|ARM.ActiveCfg = Debug|Win32
		{3C3210C6-6C18-46E3-A23E-9D59AD6090E3}.Debug|Win32.ActiveCfg = Debug|Win32
		{3C3210C6-6C18-46E3-A23E-9D59AD6090E3}.Debug|Win32.Build.0 = Debug|Win32
		{3C3210C6-6C18-46E3-A23E-9D59AD6090E3}.Debug|x64.ActiveCfg = Debug|Win32
		{3C3210C6-6C18-46E3-A23E-9D59AD6090E3}.DebugRelease|ARM.ActiveCfg = DebugRelease|Win32
		{3C3210C6-6C18-46E3-A23E-9D59AD6090E3}.DebugRelease|Win32.ActiveCfg = DebugRelease|Win32
		{3C3210C6-6C18-46E3-A23E-9D59AD6090E3}.DebugRelease|Win32.Build.0 = DebugRelease|Win32
		{3C3210C6-6C18-46E3-A23E-9D59AD6090E3}.DebugRelease|x64.ActiveCfg = DebugRelease|Win32
		{3C3210C6-6C18-46E3-A23E-9D59AD6090E3}.Release|ARM.ActiveCfg = Release|Win32
		{3C3210C6-6C18-46E3-A23E-9D59AD6090E3}.Release|Win32.ActiveCfg = Release|Win32
		{3C3210C6-6C18-46E3-A23E-9D59AD6090E3}.Release|Win32.Build.0 = Release|Win32
		{3C3210C6-6C18-46E3-A23E-9D59AD6090E3}.Release|x64.ActiveCfg = Release|Win32
		{64C38E56-52DE-4A78-B32E-C2FE02506CF5}.Debug|ARM.ActiveCfg = Debug|Win32
		{64C38E56-52DE-4A78-B32E-C2FE02506CF5}.Debug|Win32.ActiveCfg = Debug|Win32
		{64C38E56-52DE-4A78-B32E-C2FE02506CF5}.Debug|Win32.Build.0 = Debug|Win32
		{64C38E56-52DE-4A78-B32E-C2FE02506CF5}.Debug|x64.ActiveCfg = Debug|Win32
		{64C38E56-52DE-4A78-B32E-C2FE02506CF5}.DebugRelease|ARM.ActiveCfg = DebugRelease|Win32
		{64C38E56-52DE-4A78-B32E-C2FE02506CF5}.DebugRelease|Win32.ActiveCfg = DebugRelease|Win32
		{64C38E56-52DE-4A78-B32E-C2FE02506CF5}.DebugRelease|Win32.Build.0 = DebugRelease|Win32
		{64C38E56-52DE-4A78-B32E-C2FE02506CF5}.DebugRelease|x64.ActiveCfg = DebugRelease|Win32
		{64C38E56-52DE-4A78-B32E-C2FE02506CF5}.Release|ARM.ActiveCfg = Release|Win32
		{64C38E56-52DE-4A78-B32E-C2FE02506CF5}.Release|Win32.ActiveCfg = Release|Win32
		{64C38E56-52DE-4A78-B32E-C2FE02506CF5}.Release|Win32.Build.0 = Release|Win32
		{64C38E56-52DE-4A78-B32E-C2FE02506CF5}.Release|x64.ActiveCfg = Release|Win32
		{EF5DDE18-3DE8-4E0E-98F6-865A14B732B8}.Debug|ARM.ActiveCfg = Debug|Win32
		{EF5DDE18-3DE8-4E0E-98F6-865A14B732B8}.Debug|Win32.ActiveCfg = Debug|Win32
		{EF5DDE18-3DE8-4E0E-98F6-865A14B732B8}.Debug|Win32.Build.0 = Debug|Win32
		{EF5DDE18-3DE8-4E0E-98F6-865A14B732B8}.Debug|x64.ActiveCfg = Debug|Win32
		{EF5DDE18-3DE8-4E0E-98F6-865A14B732B8}.DebugRelease|ARM.ActiveCfg = DebugRelease|Win32
		{EF5DDE18-3DE8-4E0E-98F6-865A14B732B8}.DebugRelease|Win32.ActiveCfg = DebugRelease|Win32
		{EF5DDE18-3DE8-4E0E-98F6-865A14B732B8}.DebugRelease|Win32.Build.0 = DebugRelease|Win32
		{EF5DDE18-3DE8-4E0E-98F6-865A14B732B8}.DebugRelease|x64.ActiveCfg = DebugRelease|Win32
		{EF5DDE18-3DE8-4E0E-98F6-865A14B732B8}.Release|ARM.ActiveCfg = Release|Win32
		{EF5DDE18-3DE8-4E0E-98F6-865A14B732B8}.Release|Win32.ActiveCfg = Release|Win32
		{EF5DDE18-3DE8-4E0E-98F6-865A14B732B8}.Release|Win32.Build.0 = Release|Win32
		{EF5DDE18-3DE8-4E0E-98F6-865A14B732B8}.Release|x64.ActiveCfg = Release|Win32
		{72FCF81B-3AD8-4EE9-93D7-BD6993A50E58}.Debug|ARM.ActiveCfg = Debug|Win32
		{72FCF81B-3AD8-4EE9-93D7-BD6993A50E58}.Debug|Win32.ActiveCfg = Debug|Win32
		{72FCF81B-3AD8-4EE9-93D7-BD6993A50E58}.Debug|Win32.Build.0 = Debug|Win32
		{72FCF81B-3AD8-4EE9-93D7-BD6993A50E58}.Debug|x64.ActiveCfg = Debug|Win32
		{72FCF81B-3AD8-4EE9-93D7-BD6993A50E58}.DebugRelease|ARM.ActiveCfg = DebugRelease|Win32
		{72FCF81B-3AD8-4EE9-93D7-BD6993A50E58}.DebugRelease|Win32.ActiveCfg = DebugRelease|Win32
		{72FCF81B-3AD8-4EE9-93D7-BD6993A50E58}.DebugRelease|Win32.Build.0 = DebugRelease|Win32
		{72FCF81B-3AD8-4EE9-93D7-BD6993A50E58}.DebugRelease|x64.ActiveCfg = DebugRelease|Win32
		{72FCF81B-3AD8-4EE9-93D7-BD6993A50E58}.Release|ARM.ActiveCfg = Release|Win32
		{72FCF81B-3AD8-4EE9-93D7-BD6993A50E58}.Release|Win32.ActiveCfg = Release|Win32
		{72FCF81B-3AD8-4EE9-93D7-BD6993A50E58}.Release|Win32.Build.0 = Release|Win32
		{72FCF81B-3AD8-4EE9-93D7-BD6993A50E58}.Release|x64.ActiveCfg = Release|Win32
		{179430F3-FCF7-4C1B-A52C-5A6A3EB71CAB}.Debug|ARM.ActiveCfg = Debug|Win32
		{179430F3-FCF7-4C1B-A52C-5A6A3EB71CAB}.Debug|Win32.ActiveCfg = Debug|Win32
		{179430F3-FCF7-4C1B-A52C-5A6A3EB71CAB}.Debug|Win32.Build.0 = Debug|Win32
		{179430F3-FCF7-4C1B-A52C-5A6A3EB71CAB}.Debug|x64.ActiveCfg = Debug|Win32
		{179430F3-FCF7-4C1B-A52C-5A6A3EB71CAB}.DebugRelease|ARM.ActiveCfg = DebugRelease|Win32
		{179430F3-FCF7-4C1B-A52C-5A6A3EB71CAB}.DebugRelease|Win32.ActiveCfg = DebugRelease|Win32
		{179430F3-FCF7-4C1B-A52C-5A6A3EB71CAB}.DebugRelease|Win32.Build.0 = DebugRelease|Win32
		{179430F3-FCF7-4C1B-A52C-5A6A3EB71CAB}.DebugRelease|x64.ActiveCfg = DebugRelease|Win32
		{179430F3-FCF7-4C1B-A52C-5A6A3EB71CAB}.Release|ARM.ActiveCfg = Release|Win32
		{179430F3-FCF7-4C1B-A52C-5A6A3EB71CAB}.Release|Win32.ActiveCfg = Release|Win32
		{179430F3-FCF7-4C1B-A52C-5A6A3EB71CAB}.Release|Win32.Build.0 = Release|Win32
		{179430F3-FCF7-4C1B-A52C-5A6A3EB71CAB}.Release|x64.ActiveCfg = Release|Win32
		{F0D3D9DE-7681-4C3E-A0CD-A851B2C1FA19}.Debug|ARM.ActiveCfg = Debug|Win32
		{F0D3D9DE-7681-4C3E-A0CD-A851B2C1FA19}.Debug|Win32.ActiveCfg = Debug|Win32
		{F0D3D9DE-7681-4C3E-A0CD-A851B2C1FA19}.Debug|Win32.Build.0 = Debug|Win32
		{F0D3D9DE-7681-4C3E-A0CD-A851B2C1FA19}.Debug|x64.ActiveCfg = Debug|Win32
		{F0D3D9DE-7681-4C3E-A0CD-A851B2C1FA19}.DebugRelease|ARM.ActiveCfg = DebugRelease|Win32
		{F0D3D9DE-7681-4C3E-A0CD-A851B2C1FA19}.DebugRelease|Win32.ActiveCfg = DebugRelease|Win32
		{F0D3D9DE-7681-4C3E-A0CD-A851B2C1FA19}.DebugRelease|Win32.Build.0 = DebugRelease|Win32
		{F0D3D9DE-7681-4C3E-A0CD-A851B2C1FA19}.DebugRelease|x64.ActiveCfg = DebugRelease|Win32
		{F0D3D9DE-7681-4C3E-A0CD-A851B2C1FA19}.Release|ARM.ActiveCfg = Release|Win32
		{F0D3D9DE-7681-4C3E-A0CD-A851B2C1FA19}.Release|Win32.ActiveCfg = Release|Win32
		{F0D3D9DE-7681-4C3E-A0CD-A851B2C1FA19}.Release|Win32.Build.0 = Release|Win32
		{F0D3D9DE-7681-4C3E-A0CD-A851B2C1FA19}.Release|x64.ActiveCfg = Release|Win32
		{040EE364-0E4F-4285-B4C9-78E42CC09583}.Debug|ARM.ActiveCfg = Debug|Win32
		{040EE364-0E4F-4285-B4C9-78E42CC09583}.Debug|Win32.ActiveCfg = Debug|Win32
		{040EE364-0E4F-4285-B4C9-78E42CC09583}.Debug|Win32.Build.0 = Debug|Win32
		{040EE364-0E4F-4285-B4C9-78E42CC09583}.Debug|x64.ActiveCfg = Debug|Win32
		{040EE364-0E4F-4285-B4C9-78E42CC09583}.DebugRelease|ARM.ActiveCfg = DebugRelease|Win32
		{040EE364-0E4F-4285-B4C9-78E42CC09583}.DebugRelease|Win32.ActiveCfg = DebugRelease|Win32
		{040EE364-0E4F-4285-B4C9-78E42CC09583}.DebugRelease|Win32.Build.0 = DebugRelease|Win32
		{040EE364-0E4F-4285-B4C9-78E42CC09583}.DebugRelease|x64.ActiveCfg = DebugRelease|Win32
		{040EE364-0E4F-4285-B4C9-78E42CC09583}.Release|ARM.ActiveCfg = Release|Win32
		{040EE364-0E4F-4285-B4C9-78E42CC09583}.Release|Win32.ActiveCfg = Release|Win32
		{040EE364-0E4F-4285-B4C9-78E42CC09583}.Release|Win32.Build.0 = Release|Win32
		{040EE364-0E4F-4285-B4C9-78E42CC09583}.Release|x64.ActiveCfg = Release|Win32
		{90632FA5-BF8B-4798-96B4-DA358FE33D8F}.Debug|ARM.ActiveCfg = Debug|Win32
		{90632FA5-BF8B-4798-96B4-DA358FE33D8F}.Debug|Win32.ActiveCfg = Debug|Win32
		{90632FA5-BF8B-4798-96B4-DA358FE33D8F}.Debug|Win32.Build.0 = Debug|Win32
		{90632FA5-BF8B-4798-96B4-DA358FE33D8F}.Debug|x64.ActiveCfg = Debug|Win32
		{90632FA5-BF8B-4798-96B4-DA358FE33D8F}.DebugRelease|ARM.ActiveCfg = Release|Win32
		{90632FA5-BF8B-4798-96B4-DA358FE33D8F}.DebugRelease|Win32.ActiveCfg = Release|Win32
		{90632FA5-BF8B-4798-96B4-DA358FE33D8F}.DebugRelease|x64.ActiveCfg = Release|Win32
		{90632FA5-BF8B-4798-96B4-DA358FE33D8F}.Release|ARM.ActiveCfg = Release|Win32
		{90632FA5-BF8B-4798-96B4-DA358FE33D8F}.Release|Win32.ActiveCfg = Release|Win32
		{90632FA5-BF8B-4798-96B4-DA358FE33D8F}.Release|Win32.Build.0 = Release|Win32
		{90632FA5-BF8B-4798-96B4-DA358FE33D8F}.Release|x64.ActiveCfg = Release|Win32
	EndGlobalSection
	GlobalSection(SolutionProperties) = preSolution
		HideSolutionNode = FALSE
	EndGlobalSection
EndGlobal
