<?xml version="1.0" encoding="utf-8"?>
<Project ToolsVersion="4.0" xmlns="http://schemas.microsoft.com/developer/msbuild/2003">
  <ItemGroup>
    <Filter Include="Form Files">
      <UniqueIdentifier>{99349809-55BA-4b9d-BF79-8FDBB0286EB3}</UniqueIdentifier>
      <Extensions>ui</Extensions>
    </Filter>
    <Filter Include="Resource Files">
      <UniqueIdentifier>{D9D6E242-F8AF-46E4-B9FD-80ECBC20BA3E}</UniqueIdentifier>
      <Extensions>qrc;*</Extensions>
      <ParseFiles>false</ParseFiles>
    </Filter>
    <Filter Include="Generated Files">
      <UniqueIdentifier>{71ED8ED8-ACB9-4CE9-BBE1-E00B30144E11}</UniqueIdentifier>
      <Extensions>moc;h;cpp</Extensions>
      <SourceControlFiles>False</SourceControlFiles>
    </Filter>
    <Filter Include="Generated Files\Debug">
      <UniqueIdentifier>{83a63cc4-78ce-455f-afed-d269edf7d819}</UniqueIdentifier>
      <Extensions>cpp;moc</Extensions>
      <SourceControlFiles>False</SourceControlFiles>
    </Filter>
    <Filter Include="Generated Files\Release">
      <UniqueIdentifier>{42720de5-813c-477c-9af5-f889d0e2e111}</UniqueIdentifier>
      <Extensions>cpp;moc</Extensions>
      <SourceControlFiles>False</SourceControlFiles>
    </Filter>
    <Filter Include="Files">
      <UniqueIdentifier>{4FC737F1-C7A5-4376-A066-2A32D752A2FF}</UniqueIdentifier>
      <Extensions>cpp;cxx;c;def</Extensions>
    </Filter>
    <Filter Include="Files\Menus">
      <UniqueIdentifier>{26d80bf3-6bce-4cd2-bd86-5da26a3d0ef7}</UniqueIdentifier>
    </Filter>
    <Filter Include="Files\Utilities">
      <UniqueIdentifier>{97124ab6-b080-4692-aaa2-f44e6a54601c}</UniqueIdentifier>
    </Filter>
    <Filter Include="Generated Files\DebugRelease">
      <UniqueIdentifier>{e6935469-9300-4974-90bb-71926de93cb8}</UniqueIdentifier>
      <Extensions>cpp;moc</Extensions>
      <SourceControlFiles>False</SourceControlFiles>
    </Filter>
  </ItemGroup>
  <ItemGroup>
    <ClCompile Include="..\..\xkill-source\xkill-gui\main.cpp">
      <Filter>Files</Filter>
    </ClCompile>
    <ClCompile Include="GeneratedFiles\Debug\moc_MainWindow.cpp">
      <Filter>Generated Files\Debug</Filter>
    </ClCompile>
    <ClCompile Include="GeneratedFiles\Release\moc_MainWindow.cpp">
      <Filter>Generated Files\Release</Filter>
    </ClCompile>
    <ClCompile Include="GeneratedFiles\Debug\moc_GameWidget.cpp">
      <Filter>Generated Files\Debug</Filter>
    </ClCompile>
    <ClCompile Include="GeneratedFiles\Release\moc_GameWidget.cpp">
      <Filter>Generated Files\Release</Filter>
    </ClCompile>
    <ClCompile Include="..\..\xkill-source\xkill-gui\MenuManager.cpp">
      <Filter>Files\Menus</Filter>
    </ClCompile>
    <ClCompile Include="GeneratedFiles\DebugRelease\moc_Menu_Main.cpp">
      <Filter>Generated Files\DebugRelease</Filter>
    </ClCompile>
    <ClCompile Include="GeneratedFiles\Debug\moc_Menu_Main.cpp">
      <Filter>Generated Files\Debug</Filter>
    </ClCompile>
    <ClCompile Include="GeneratedFiles\Release\moc_Menu_Main.cpp">
      <Filter>Generated Files\Release</Filter>
    </ClCompile>
    <ClCompile Include="GeneratedFiles\qrc_xkill.cpp">
      <Filter>Generated Files</Filter>
    </ClCompile>
  </ItemGroup>
  <ItemGroup>
    <CustomBuild Include="..\..\xkill-source\xkill-gui\MainWindow.h">
      <Filter>Files</Filter>
    </CustomBuild>
    <CustomBuild Include="..\..\xkill-source\xkill-gui\GameWidget.h">
      <Filter>Files</Filter>
    </CustomBuild>
    <CustomBuild Include="..\..\xkill-source\xkill-gui\GameTimer.h">
      <Filter>Files\Utilities</Filter>
    </CustomBuild>
    <CustomBuild Include="..\..\xkill-source\xkill-gui\Menu_Main.h">
      <Filter>Files\Menus</Filter>
    </CustomBuild>
    <CustomBuild Include="..\..\xkill-resources\xkill-gui\MainMenu.ui">
      <Filter>Form Files</Filter>
    </CustomBuild>
    <CustomBuild Include="..\..\xkill-resources\xkill-gui\MainMenu2.ui">
      <Filter>Form Files</Filter>
    </CustomBuild>
    <CustomBuild Include="..\..\xkill-resources\xkill-gui\MainWindow.ui">
      <Filter>Form Files</Filter>
    </CustomBuild>
    <CustomBuild Include="..\..\xkill-resources\xkill-gui\ScoreMenu.ui">
      <Filter>Form Files</Filter>
    </CustomBuild>
    <CustomBuild Include="..\..\xkill-resources\xkill-gui\xkill.qrc">
      <Filter>Resource Files</Filter>
    </CustomBuild>
  </ItemGroup>
  <ItemGroup>
    <ClInclude Include="..\..\xkill-source\xkill-gui\MenuManager.h">
      <Filter>Files\Menus</Filter>
    </ClInclude>
    <ClInclude Include="..\..\xkill-source\xkill-gui\ToggleHelper.h">
      <Filter>Files\Menus</Filter>
    </ClInclude>
    <ClInclude Include="..\..\xkill-source\xkill-gui\Menu_ScoreBoard.h">
      <Filter>Files\Menus</Filter>
    </ClInclude>
    <ClInclude Include="GeneratedFiles\ui_MainMenu.h">
      <Filter>Generated Files</Filter>
    </ClInclude>
    <ClInclude Include="GeneratedFiles\ui_MainMenu2.h">
      <Filter>Generated Files</Filter>
    </ClInclude>
    <ClInclude Include="GeneratedFiles\ui_MainWindow.h">
      <Filter>Generated Files</Filter>
    </ClInclude>
    <ClInclude Include="GeneratedFiles\ui_ScoreMenu.h">
      <Filter>Generated Files</Filter>
    </ClInclude>
  </ItemGroup>
  <ItemGroup>
    <ResourceCompile Include="xkill-gui.rc" />
  </ItemGroup>
</Project>