<?xml version="1.0" encoding="utf-8"?>
<Project ToolsVersion="4.0" xmlns="http://schemas.microsoft.com/developer/msbuild/2003">
  <ItemGroup>
    <ResourceCompile Include="..\xkill-gui\xkill-gui.rc" />
  </ItemGroup>
  <ItemGroup>
    <Filter Include="Files">
      <UniqueIdentifier>{e0cd09f1-2316-4809-b376-2c2bfadd7e27}</UniqueIdentifier>
    </Filter>
    <Filter Include="Form Files">
      <UniqueIdentifier>{76d674f0-5d11-499a-8c5a-337c8b4ce4cf}</UniqueIdentifier>
    </Filter>
    <Filter Include="Generated Files">
      <UniqueIdentifier>{33301292-2300-49da-a3d5-c9bb1ecf893a}</UniqueIdentifier>
    </Filter>
    <Filter Include="Generated Files\Debug">
      <UniqueIdentifier>{52b1a904-88aa-4cf4-b16f-f6a89f863ccf}</UniqueIdentifier>
    </Filter>
    <Filter Include="Generated Files\Release">
      <UniqueIdentifier>{e6fc00b0-b194-4741-89ce-eaef7c7873c8}</UniqueIdentifier>
    </Filter>
    <Filter Include="Resource Files">
      <UniqueIdentifier>{b02f8bc5-86a9-4587-9801-fb6148755577}</UniqueIdentifier>
    </Filter>
  </ItemGroup>
  <ItemGroup>
    <ClCompile Include="..\..\xkill-source\xkill-gui\main.cpp">
      <Filter>Files</Filter>
    </ClCompile>
    <ClCompile Include="..\..\xkill-source\xkill-gui\Menu.cpp">
      <Filter>Files</Filter>
    </ClCompile>
    <ClCompile Include="..\xkill-gui\GeneratedFiles\qrc_MainWindow.cpp">
      <Filter>Generated Files</Filter>
    </ClCompile>
    <ClCompile Include="..\xkill-gui\GeneratedFiles\Debug\moc_GameWidget.cpp">
      <Filter>Generated Files\Debug</Filter>
    </ClCompile>
    <ClCompile Include="..\xkill-gui\GeneratedFiles\Debug\moc_MainWindow.cpp">
      <Filter>Generated Files\Debug</Filter>
    </ClCompile>
    <ClCompile Include="..\xkill-gui\GeneratedFiles\Release\moc_GameWidget.cpp">
      <Filter>Generated Files\Release</Filter>
    </ClCompile>
    <ClCompile Include="..\xkill-gui\GeneratedFiles\Release\moc_MainWindow.cpp">
      <Filter>Generated Files\Release</Filter>
    </ClCompile>
  </ItemGroup>
  <ItemGroup>
    <ClInclude Include="..\..\xkill-source\xkill-gui\Menu.h">
      <Filter>Files</Filter>
    </ClInclude>
    <ClInclude Include="..\..\xkill-source\xkill-gui\MainWindow.h">
      <Filter>Files</Filter>
    </ClInclude>
    <ClInclude Include="..\..\xkill-source\xkill-gui\GameWidget.h">
      <Filter>Files</Filter>
    </ClInclude>
    <ClInclude Include="..\..\xkill-source\xkill-gui\GameTimer.h">
      <Filter>Files</Filter>
    </ClInclude>
    <ClInclude Include="..\xkill-gui\GeneratedFiles\ui_MainWindow.h">
      <Filter>Generated Files</Filter>
    </ClInclude>
  </ItemGroup>
  <ItemGroup>
    <None Include="..\xkill-gui\MainWindow.ui">
      <Filter>Form Files</Filter>
    </None>
    <None Include="..\xkill-gui\MainWindow.qrc">
      <Filter>Resource Files</Filter>
    </None>
  </ItemGroup>
</Project>