<?xml version="1.0" encoding="utf-8"?>
<Project ToolsVersion="4.0" xmlns="http://schemas.microsoft.com/developer/msbuild/2003">
  <ItemGroup>
    <ClCompile Include="..\..\xkill-source\xkill-utilities\EventManager.cpp">
      <Filter>Events</Filter>
    </ClCompile>
    <ClCompile Include="..\..\xkill-source\xkill-utilities\EventType.cpp">
      <Filter>Events</Filter>
    </ClCompile>
    <ClCompile Include="..\..\xkill-source\xkill-utilities\AttributePointer.cpp">
      <Filter>Attributes</Filter>
    </ClCompile>
    <ClCompile Include="..\..\xkill-source\xkill-utilities\AttributeType.cpp">
      <Filter>Attributes</Filter>
    </ClCompile>
    <ClCompile Include="..\..\xkill-source\xkill-utilities\MeshGeometry.cpp">
      <Filter>Mesh</Filter>
    </ClCompile>
    <ClCompile Include="..\..\xkill-source\xkill-utilities\MeshMaterial.cpp">
      <Filter>Mesh</Filter>
    </ClCompile>
    <ClCompile Include="..\..\xkill-source\xkill-utilities\MeshModel.cpp">
      <Filter>Mesh</Filter>
    </ClCompile>
    <ClCompile Include="..\..\xkill-source\xkill-utilities\MeshSubset.cpp">
      <Filter>Mesh</Filter>
    </ClCompile>
    <ClCompile Include="..\..\xkill-source\xkill-utilities\TexDesc.cpp">
      <Filter>Tex Desc</Filter>
    </ClCompile>
    <ClCompile Include="..\..\xkill-source\xkill-utilities\Math.cpp" />
    <ClCompile Include="..\..\xkill-source\xkill-utilities\MeshVertices.cpp">
      <Filter>Mesh</Filter>
    </ClCompile>
    <ClCompile Include="..\..\xkill-source\xkill-utilities\FiniteState.cpp">
      <Filter>State Machine</Filter>
    </ClCompile>
    <ClCompile Include="..\..\xkill-source\xkill-utilities\FiniteStateMachine.cpp">
      <Filter>State Machine</Filter>
    </ClCompile>
    <ClCompile Include="..\..\xkill-source\xkill-utilities\AttributeManager.cpp">
      <Filter>[Static Linking]</Filter>
    </ClCompile>
    <ClCompile Include="..\..\xkill-source\xkill-utilities\Entity.cpp">
      <Filter>[Static Linking]</Filter>
    </ClCompile>
  </ItemGroup>
  <ItemGroup>
    <ClInclude Include="..\..\xkill-source\xkill-utilities\dllUtilities.h" />
    <ClInclude Include="..\..\xkill-source\xkill-utilities\EventManager.h">
      <Filter>Events</Filter>
    </ClInclude>
    <ClInclude Include="..\..\xkill-source\xkill-utilities\AttributePointer.h">
      <Filter>Attributes</Filter>
    </ClInclude>
    <ClInclude Include="..\..\xkill-source\xkill-utilities\AttributeType.h">
      <Filter>Attributes</Filter>
    </ClInclude>
    <ClInclude Include="..\..\xkill-source\xkill-utilities\EventType.h">
      <Filter>Events</Filter>
    </ClInclude>
    <ClInclude Include="..\..\xkill-source\xkill-utilities\IComponent.h">
      <Filter>External Headers</Filter>
    </ClInclude>
    <ClInclude Include="..\..\xkill-source\xkill-utilities\IObserver.h">
      <Filter>External Headers</Filter>
    </ClInclude>
    <ClInclude Include="..\..\xkill-source\xkill-utilities\Math.h" />
    <ClInclude Include="..\..\xkill-source\xkill-utilities\MeshGeometry.h">
      <Filter>Mesh</Filter>
    </ClInclude>
    <ClInclude Include="..\..\xkill-source\xkill-utilities\MeshMaterial.h">
      <Filter>Mesh</Filter>
    </ClInclude>
    <ClInclude Include="..\..\xkill-source\xkill-utilities\MeshModel.h">
      <Filter>Mesh</Filter>
    </ClInclude>
    <ClInclude Include="..\..\xkill-source\xkill-utilities\MeshSubset.h">
      <Filter>Mesh</Filter>
    </ClInclude>
    <ClInclude Include="..\..\xkill-source\xkill-utilities\MeshVertices.h">
      <Filter>Mesh</Filter>
    </ClInclude>
    <ClInclude Include="..\..\xkill-source\xkill-utilities\TexDesc.h">
      <Filter>Tex Desc</Filter>
    </ClInclude>
    <ClInclude Include="..\..\xkill-source\xkill-utilities\TexDescHeader.h">
      <Filter>Tex Desc</Filter>
    </ClInclude>
    <ClInclude Include="..\..\xkill-source\xkill-utilities\TexDescTex.h">
      <Filter>Tex Desc</Filter>
    </ClInclude>
    <ClInclude Include="..\..\xkill-source\xkill-utilities\FiniteState.h">
      <Filter>State Machine</Filter>
    </ClInclude>
    <ClInclude Include="..\..\xkill-source\xkill-utilities\FiniteStateMachine.h">
      <Filter>State Machine</Filter>
    </ClInclude>
    <ClInclude Include="..\..\xkill-source\xkill-utilities\LeanWindows.h" />
    <ClInclude Include="..\..\xkill-source\xkill-utilities\DebugShape.h" />
    <ClInclude Include="..\..\xkill-source\xkill-utilities\Iterator.h">
      <Filter>[Static Linking]</Filter>
    </ClInclude>
    <ClInclude Include="..\..\xkill-source\xkill-utilities\Entity.h">
      <Filter>[Static Linking]</Filter>
    </ClInclude>
    <ClInclude Include="..\..\xkill-source\xkill-utilities\AttributeStorage.h">
      <Filter>[Static Linking]</Filter>
    </ClInclude>
    <ClInclude Include="..\..\xkill-source\xkill-utilities\AttributeController.h">
      <Filter>[Static Linking]</Filter>
    </ClInclude>
    <ClInclude Include="..\..\xkill-source\xkill-utilities\AttributeManager.h">
      <Filter>[Static Linking]</Filter>
    </ClInclude>
    <ClInclude Include="..\..\xkill-source\xkill-utilities\IAttributeStorage.h">
      <Filter>[Static Linking]</Filter>
    </ClInclude>
  </ItemGroup>
  <ItemGroup>
    <Filter Include="Events">
      <UniqueIdentifier>{76ffd26e-5b52-4332-9d2b-d713c0fcaacc}</UniqueIdentifier>
    </Filter>
    <Filter Include="Attributes">
      <UniqueIdentifier>{948e64bf-dcd4-4f8c-86c9-b29ca9c4dc1c}</UniqueIdentifier>
    </Filter>
    <Filter Include="External Headers">
      <UniqueIdentifier>{70cac18f-df4e-4dd8-89e8-fa2f37f13f2e}</UniqueIdentifier>
    </Filter>
    <Filter Include="Mesh">
      <UniqueIdentifier>{596510c9-9d36-492d-bef5-7dd9cd2a40aa}</UniqueIdentifier>
    </Filter>
    <Filter Include="Tex Desc">
      <UniqueIdentifier>{fa066205-2513-4b87-9649-d4d39df76085}</UniqueIdentifier>
    </Filter>
    <Filter Include="State Machine">
      <UniqueIdentifier>{2c31e36b-e6b4-45b2-af74-78e3b620c796}</UniqueIdentifier>
    </Filter>
    <Filter Include="[Static Linking]">
      <UniqueIdentifier>{808f7273-26e7-47ab-a457-bfbe5a613003}</UniqueIdentifier>
    </Filter>
  </ItemGroup>
</Project>